// !$*UTF8*$!
{
	archiveVersion = 1;
	classes = {
	};
	objectVersion = 50;
	objects = {

/* Begin PBXBuildFile section */
		5300A46E2362F1650051087F /* AppDelegate.swift in Sources */ = {isa = PBXBuildFile; fileRef = 5300A46D2362F1650051087F /* AppDelegate.swift */; };
		5300A4702362F1650051087F /* ViewController.swift in Sources */ = {isa = PBXBuildFile; fileRef = 5300A46F2362F1650051087F /* ViewController.swift */; };
		5300A4732362F1650051087F /* Main.storyboard in Resources */ = {isa = PBXBuildFile; fileRef = 5300A4712362F1650051087F /* Main.storyboard */; };
		5300A4752362F1660051087F /* Assets.xcassets in Resources */ = {isa = PBXBuildFile; fileRef = 5300A4742362F1660051087F /* Assets.xcassets */; };
		5300A4782362F1660051087F /* LaunchScreen.storyboard in Resources */ = {isa = PBXBuildFile; fileRef = 5300A4762362F1660051087F /* LaunchScreen.storyboard */; };
		5300A4822362F23E0051087F /* MasterTableViewCell.swift in Sources */ = {isa = PBXBuildFile; fileRef = 5300A4802362F23E0051087F /* MasterTableViewCell.swift */; };
		5300A4832362F23E0051087F /* MasterTableViewCell.xib in Resources */ = {isa = PBXBuildFile; fileRef = 5300A4812362F23E0051087F /* MasterTableViewCell.xib */; };
		53229AF323C7211A00779CF8 /* DropDownCell.xib in Resources */ = {isa = PBXBuildFile; fileRef = 53229AE923C7211A00779CF8 /* DropDownCell.xib */; };
		53229AF423C7211A00779CF8 /* InfoDropDown.plist in Resources */ = {isa = PBXBuildFile; fileRef = 53229AEA23C7211A00779CF8 /* InfoDropDown.plist */; };
		53229AF523C7211A00779CF8 /* DPDKeyboardListener.swift in Sources */ = {isa = PBXBuildFile; fileRef = 53229AEC23C7211A00779CF8 /* DPDKeyboardListener.swift */; };
		53229AF623C7211A00779CF8 /* DPDConstants.swift in Sources */ = {isa = PBXBuildFile; fileRef = 53229AED23C7211A00779CF8 /* DPDConstants.swift */; };
		53229AF723C7211A00779CF8 /* DPDUIView+Extension.swift in Sources */ = {isa = PBXBuildFile; fileRef = 53229AEE23C7211A00779CF8 /* DPDUIView+Extension.swift */; };
		53229AF823C7211A00779CF8 /* DropDown.swift in Sources */ = {isa = PBXBuildFile; fileRef = 53229AF023C7211A00779CF8 /* DropDown.swift */; };
		53229AF923C7211A00779CF8 /* DropDownCell.swift in Sources */ = {isa = PBXBuildFile; fileRef = 53229AF123C7211A00779CF8 /* DropDownCell.swift */; };
		53229AFA23C7211A00779CF8 /* DropDown+Appearance.swift in Sources */ = {isa = PBXBuildFile; fileRef = 53229AF223C7211A00779CF8 /* DropDown+Appearance.swift */; };
		53229AFD23C721ED00779CF8 /* TableView+Util.swift in Sources */ = {isa = PBXBuildFile; fileRef = 53229AFC23C721ED00779CF8 /* TableView+Util.swift */; };
		53229B0023C7244600779CF8 /* Constant.swift in Sources */ = {isa = PBXBuildFile; fileRef = 53229AFF23C7244600779CF8 /* Constant.swift */; };
		53E8641B23C70D58008820A3 /* SubTableViewCell.swift in Sources */ = {isa = PBXBuildFile; fileRef = 53E8641923C70D58008820A3 /* SubTableViewCell.swift */; };
		53E8641C23C70D58008820A3 /* SubTableViewCell.xib in Resources */ = {isa = PBXBuildFile; fileRef = 53E8641A23C70D58008820A3 /* SubTableViewCell.xib */; };
		53FDF6C2236305E800124CAC /* NIM.swift in Sources */ = {isa = PBXBuildFile; fileRef = 53FDF6C1236305E800124CAC /* NIM.swift */; };
/* End PBXBuildFile section */

/* Begin PBXFileReference section */
		5300A46A2362F1650051087F /* ActionCell.app */ = {isa = PBXFileReference; explicitFileType = wrapper.application; includeInIndex = 0; path = ActionCell.app; sourceTree = BUILT_PRODUCTS_DIR; };
		5300A46D2362F1650051087F /* AppDelegate.swift */ = {isa = PBXFileReference; lastKnownFileType = sourcecode.swift; path = AppDelegate.swift; sourceTree = "<group>"; };
		5300A46F2362F1650051087F /* ViewController.swift */ = {isa = PBXFileReference; lastKnownFileType = sourcecode.swift; path = ViewController.swift; sourceTree = "<group>"; };
		5300A4722362F1650051087F /* Base */ = {isa = PBXFileReference; lastKnownFileType = file.storyboard; name = Base; path = Base.lproj/Main.storyboard; sourceTree = "<group>"; };
		5300A4742362F1660051087F /* Assets.xcassets */ = {isa = PBXFileReference; lastKnownFileType = folder.assetcatalog; path = Assets.xcassets; sourceTree = "<group>"; };
		5300A4772362F1660051087F /* Base */ = {isa = PBXFileReference; lastKnownFileType = file.storyboard; name = Base; path = Base.lproj/LaunchScreen.storyboard; sourceTree = "<group>"; };
		5300A4792362F1660051087F /* Info.plist */ = {isa = PBXFileReference; lastKnownFileType = text.plist.xml; path = Info.plist; sourceTree = "<group>"; };
		5300A4802362F23E0051087F /* MasterTableViewCell.swift */ = {isa = PBXFileReference; lastKnownFileType = sourcecode.swift; path = MasterTableViewCell.swift; sourceTree = "<group>"; };
		5300A4812362F23E0051087F /* MasterTableViewCell.xib */ = {isa = PBXFileReference; lastKnownFileType = file.xib; path = MasterTableViewCell.xib; sourceTree = "<group>"; };
		53229AE723C7211A00779CF8 /* DropDown.h */ = {isa = PBXFileReference; fileEncoding = 4; lastKnownFileType = sourcecode.c.h; path = DropDown.h; sourceTree = "<group>"; };
		53229AE923C7211A00779CF8 /* DropDownCell.xib */ = {isa = PBXFileReference; fileEncoding = 4; lastKnownFileType = file.xib; path = DropDownCell.xib; sourceTree = "<group>"; };
		53229AEA23C7211A00779CF8 /* InfoDropDown.plist */ = {isa = PBXFileReference; fileEncoding = 4; lastKnownFileType = text.plist.xml; path = InfoDropDown.plist; sourceTree = "<group>"; };
		53229AEC23C7211A00779CF8 /* DPDKeyboardListener.swift */ = {isa = PBXFileReference; fileEncoding = 4; lastKnownFileType = sourcecode.swift; path = DPDKeyboardListener.swift; sourceTree = "<group>"; };
		53229AED23C7211A00779CF8 /* DPDConstants.swift */ = {isa = PBXFileReference; fileEncoding = 4; lastKnownFileType = sourcecode.swift; path = DPDConstants.swift; sourceTree = "<group>"; };
		53229AEE23C7211A00779CF8 /* DPDUIView+Extension.swift */ = {isa = PBXFileReference; fileEncoding = 4; lastKnownFileType = sourcecode.swift; path = "DPDUIView+Extension.swift"; sourceTree = "<group>"; };
		53229AF023C7211A00779CF8 /* DropDown.swift */ = {isa = PBXFileReference; fileEncoding = 4; lastKnownFileType = sourcecode.swift; path = DropDown.swift; sourceTree = "<group>"; };
		53229AF123C7211A00779CF8 /* DropDownCell.swift */ = {isa = PBXFileReference; fileEncoding = 4; lastKnownFileType = sourcecode.swift; path = DropDownCell.swift; sourceTree = "<group>"; };
		53229AF223C7211A00779CF8 /* DropDown+Appearance.swift */ = {isa = PBXFileReference; fileEncoding = 4; lastKnownFileType = sourcecode.swift; path = "DropDown+Appearance.swift"; sourceTree = "<group>"; };
		53229AFC23C721ED00779CF8 /* TableView+Util.swift */ = {isa = PBXFileReference; lastKnownFileType = sourcecode.swift; path = "TableView+Util.swift"; sourceTree = "<group>"; };
		53229AFF23C7244600779CF8 /* Constant.swift */ = {isa = PBXFileReference; lastKnownFileType = sourcecode.swift; path = Constant.swift; sourceTree = "<group>"; };
		53E8641923C70D58008820A3 /* SubTableViewCell.swift */ = {isa = PBXFileReference; lastKnownFileType = sourcecode.swift; path = SubTableViewCell.swift; sourceTree = "<group>"; };
		53E8641A23C70D58008820A3 /* SubTableViewCell.xib */ = {isa = PBXFileReference; lastKnownFileType = file.xib; path = SubTableViewCell.xib; sourceTree = "<group>"; };
		53FDF6C1236305E800124CAC /* NIM.swift */ = {isa = PBXFileReference; lastKnownFileType = sourcecode.swift; path = NIM.swift; sourceTree = "<group>"; };
/* End PBXFileReference section */

/* Begin PBXFrameworksBuildPhase section */
		5300A4672362F1650051087F /* Frameworks */ = {
			isa = PBXFrameworksBuildPhase;
			buildActionMask = 2147483647;
			files = (
			);
			runOnlyForDeploymentPostprocessing = 0;
		};
/* End PBXFrameworksBuildPhase section */

/* Begin PBXGroup section */
		5300A4612362F1650051087F = {
			isa = PBXGroup;
			children = (
				5300A46C2362F1650051087F /* ActionCell */,
				5300A46B2362F1650051087F /* Products */,
			);
			sourceTree = "<group>";
		};
		5300A46B2362F1650051087F /* Products */ = {
			isa = PBXGroup;
			children = (
				5300A46A2362F1650051087F /* ActionCell.app */,
			);
			name = Products;
			sourceTree = "<group>";
		};
		5300A46C2362F1650051087F /* ActionCell */ = {
			isa = PBXGroup;
			children = (
				53229AFE23C7243100779CF8 /* Constant */,
				53229AFB23C721D800779CF8 /* Extension */,
				53229AE623C7211A00779CF8 /* DropDown */,
				53FDF6C0236305DA00124CAC /* Network */,
				5300A47F2362F1D50051087F /* View */,
				5300A46D2362F1650051087F /* AppDelegate.swift */,
				5300A46F2362F1650051087F /* ViewController.swift */,
				5300A4712362F1650051087F /* Main.storyboard */,
				5300A4742362F1660051087F /* Assets.xcassets */,
				5300A4762362F1660051087F /* LaunchScreen.storyboard */,
				5300A4792362F1660051087F /* Info.plist */,
			);
			path = ActionCell;
			sourceTree = "<group>";
		};
		5300A47F2362F1D50051087F /* View */ = {
			isa = PBXGroup;
			children = (
				53E8641823C70D39008820A3 /* Sub TableViewCell */,
				5300A4802362F23E0051087F /* MasterTableViewCell.swift */,
				5300A4812362F23E0051087F /* MasterTableViewCell.xib */,
			);
			path = View;
			sourceTree = "<group>";
		};
		53229AE623C7211A00779CF8 /* DropDown */ = {
			isa = PBXGroup;
			children = (
				53229AE723C7211A00779CF8 /* DropDown.h */,
				53229AE823C7211A00779CF8 /* resources */,
				53229AEA23C7211A00779CF8 /* InfoDropDown.plist */,
				53229AEB23C7211A00779CF8 /* helpers */,
				53229AEF23C7211A00779CF8 /* src */,
			);
			path = DropDown;
			sourceTree = "<group>";
		};
		53229AE823C7211A00779CF8 /* resources */ = {
			isa = PBXGroup;
			children = (
				53229AE923C7211A00779CF8 /* DropDownCell.xib */,
			);
			path = resources;
			sourceTree = "<group>";
		};
		53229AEB23C7211A00779CF8 /* helpers */ = {
			isa = PBXGroup;
			children = (
				53229AEC23C7211A00779CF8 /* DPDKeyboardListener.swift */,
				53229AED23C7211A00779CF8 /* DPDConstants.swift */,
				53229AEE23C7211A00779CF8 /* DPDUIView+Extension.swift */,
			);
			path = helpers;
			sourceTree = "<group>";
		};
		53229AEF23C7211A00779CF8 /* src */ = {
			isa = PBXGroup;
			children = (
				53229AF023C7211A00779CF8 /* DropDown.swift */,
				53229AF123C7211A00779CF8 /* DropDownCell.swift */,
				53229AF223C7211A00779CF8 /* DropDown+Appearance.swift */,
			);
			path = src;
			sourceTree = "<group>";
		};
		53229AFB23C721D800779CF8 /* Extension */ = {
			isa = PBXGroup;
			children = (
				53229AFC23C721ED00779CF8 /* TableView+Util.swift */,
			);
			path = Extension;
			sourceTree = "<group>";
		};
		53229AFE23C7243100779CF8 /* Constant */ = {
			isa = PBXGroup;
			children = (
				53229AFF23C7244600779CF8 /* Constant.swift */,
			);
			path = Constant;
			sourceTree = "<group>";
		};
		53E8641823C70D39008820A3 /* Sub TableViewCell */ = {
			isa = PBXGroup;
			children = (
				53E8641923C70D58008820A3 /* SubTableViewCell.swift */,
				53E8641A23C70D58008820A3 /* SubTableViewCell.xib */,
			);
			path = "Sub TableViewCell";
			sourceTree = "<group>";
		};
		53FDF6C0236305DA00124CAC /* Network */ = {
			isa = PBXGroup;
			children = (
				53FDF6C1236305E800124CAC /* NIM.swift */,
			);
			path = Network;
			sourceTree = "<group>";
		};
/* End PBXGroup section */

/* Begin PBXNativeTarget section */
		5300A4692362F1650051087F /* ActionCell */ = {
			isa = PBXNativeTarget;
			buildConfigurationList = 5300A47C2362F1660051087F /* Build configuration list for PBXNativeTarget "ActionCell" */;
			buildPhases = (
				5300A4662362F1650051087F /* Sources */,
				5300A4672362F1650051087F /* Frameworks */,
				5300A4682362F1650051087F /* Resources */,
			);
			buildRules = (
			);
			dependencies = (
			);
			name = ActionCell;
			productName = ActionCell;
			productReference = 5300A46A2362F1650051087F /* ActionCell.app */;
			productType = "com.apple.product-type.application";
		};
/* End PBXNativeTarget section */

/* Begin PBXProject section */
		5300A4622362F1650051087F /* Project object */ = {
			isa = PBXProject;
			attributes = {
				LastSwiftUpdateCheck = 1010;
				LastUpgradeCheck = 1010;
				ORGANIZATIONNAME = "Ngô Bảo Châu";
				TargetAttributes = {
					5300A4692362F1650051087F = {
						CreatedOnToolsVersion = 10.1;
					};
				};
			};
			buildConfigurationList = 5300A4652362F1650051087F /* Build configuration list for PBXProject "ActionCell" */;
			compatibilityVersion = "Xcode 9.3";
			developmentRegion = en;
			hasScannedForEncodings = 0;
			knownRegions = (
				en,
				Base,
			);
			mainGroup = 5300A4612362F1650051087F;
			productRefGroup = 5300A46B2362F1650051087F /* Products */;
			projectDirPath = "";
			projectRoot = "";
			targets = (
				5300A4692362F1650051087F /* ActionCell */,
			);
		};
/* End PBXProject section */

/* Begin PBXResourcesBuildPhase section */
		5300A4682362F1650051087F /* Resources */ = {
			isa = PBXResourcesBuildPhase;
			buildActionMask = 2147483647;
			files = (
				53229AF323C7211A00779CF8 /* DropDownCell.xib in Resources */,
				5300A4782362F1660051087F /* LaunchScreen.storyboard in Resources */,
				53E8641C23C70D58008820A3 /* SubTableViewCell.xib in Resources */,
				53229AF423C7211A00779CF8 /* InfoDropDown.plist in Resources */,
				5300A4752362F1660051087F /* Assets.xcassets in Resources */,
				5300A4732362F1650051087F /* Main.storyboard in Resources */,
				5300A4832362F23E0051087F /* MasterTableViewCell.xib in Resources */,
			);
			runOnlyForDeploymentPostprocessing = 0;
		};
/* End PBXResourcesBuildPhase section */

/* Begin PBXSourcesBuildPhase section */
		5300A4662362F1650051087F /* Sources */ = {
			isa = PBXSourcesBuildPhase;
			buildActionMask = 2147483647;
			files = (
				53229AF923C7211A00779CF8 /* DropDownCell.swift in Sources */,
				53229AF823C7211A00779CF8 /* DropDown.swift in Sources */,
				53229AF723C7211A00779CF8 /* DPDUIView+Extension.swift in Sources */,
				5300A4702362F1650051087F /* ViewController.swift in Sources */,
				5300A4822362F23E0051087F /* MasterTableViewCell.swift in Sources */,
				53229AF623C7211A00779CF8 /* DPDConstants.swift in Sources */,
				53E8641B23C70D58008820A3 /* SubTableViewCell.swift in Sources */,
				53229B0023C7244600779CF8 /* Constant.swift in Sources */,
				53229AFD23C721ED00779CF8 /* TableView+Util.swift in Sources */,
				53FDF6C2236305E800124CAC /* NIM.swift in Sources */,
				53229AFA23C7211A00779CF8 /* DropDown+Appearance.swift in Sources */,
				53229AF523C7211A00779CF8 /* DPDKeyboardListener.swift in Sources */,
				5300A46E2362F1650051087F /* AppDelegate.swift in Sources */,
			);
			runOnlyForDeploymentPostprocessing = 0;
		};
/* End PBXSourcesBuildPhase section */

/* Begin PBXVariantGroup section */
		5300A4712362F1650051087F /* Main.storyboard */ = {
			isa = PBXVariantGroup;
			children = (
				5300A4722362F1650051087F /* Base */,
			);
			name = Main.storyboard;
			sourceTree = "<group>";
		};
		5300A4762362F1660051087F /* LaunchScreen.storyboard */ = {
			isa = PBXVariantGroup;
			children = (
				5300A4772362F1660051087F /* Base */,
			);
			name = LaunchScreen.storyboard;
			sourceTree = "<group>";
		};
/* End PBXVariantGroup section */

/* Begin XCBuildConfiguration section */
		5300A47A2362F1660051087F /* Debug */ = {
			isa = XCBuildConfiguration;
			buildSettings = {
				ALWAYS_SEARCH_USER_PATHS = NO;
				CLANG_ANALYZER_NONNULL = YES;
				CLANG_ANALYZER_NUMBER_OBJECT_CONVERSION = YES_AGGRESSIVE;
				CLANG_CXX_LANGUAGE_STANDARD = "gnu++14";
				CLANG_CXX_LIBRARY = "libc++";
				CLANG_ENABLE_MODULES = YES;
				CLANG_ENABLE_OBJC_ARC = YES;
				CLANG_ENABLE_OBJC_WEAK = YES;
				CLANG_WARN_BLOCK_CAPTURE_AUTORELEASING = YES;
				CLANG_WARN_BOOL_CONVERSION = YES;
				CLANG_WARN_COMMA = YES;
				CLANG_WARN_CONSTANT_CONVERSION = YES;
				CLANG_WARN_DEPRECATED_OBJC_IMPLEMENTATIONS = YES;
				CLANG_WARN_DIRECT_OBJC_ISA_USAGE = YES_ERROR;
				CLANG_WARN_DOCUMENTATION_COMMENTS = YES;
				CLANG_WARN_EMPTY_BODY = YES;
				CLANG_WARN_ENUM_CONVERSION = YES;
				CLANG_WARN_INFINITE_RECURSION = YES;
				CLANG_WARN_INT_CONVERSION = YES;
				CLANG_WARN_NON_LITERAL_NULL_CONVERSION = YES;
				CLANG_WARN_OBJC_IMPLICIT_RETAIN_SELF = YES;
				CLANG_WARN_OBJC_LITERAL_CONVERSION = YES;
				CLANG_WARN_OBJC_ROOT_CLASS = YES_ERROR;
				CLANG_WARN_RANGE_LOOP_ANALYSIS = YES;
				CLANG_WARN_STRICT_PROTOTYPES = YES;
				CLANG_WARN_SUSPICIOUS_MOVE = YES;
				CLANG_WARN_UNGUARDED_AVAILABILITY = YES_AGGRESSIVE;
				CLANG_WARN_UNREACHABLE_CODE = YES;
				CLANG_WARN__DUPLICATE_METHOD_MATCH = YES;
				CODE_SIGN_IDENTITY = "iPhone Developer";
				COPY_PHASE_STRIP = NO;
				DEBUG_INFORMATION_FORMAT = dwarf;
				ENABLE_STRICT_OBJC_MSGSEND = YES;
				ENABLE_TESTABILITY = YES;
				GCC_C_LANGUAGE_STANDARD = gnu11;
				GCC_DYNAMIC_NO_PIC = NO;
				GCC_NO_COMMON_BLOCKS = YES;
				GCC_OPTIMIZATION_LEVEL = 0;
				GCC_PREPROCESSOR_DEFINITIONS = (
					"DEBUG=1",
					"$(inherited)",
				);
				GCC_WARN_64_TO_32_BIT_CONVERSION = YES;
				GCC_WARN_ABOUT_RETURN_TYPE = YES_ERROR;
				GCC_WARN_UNDECLARED_SELECTOR = YES;
				GCC_WARN_UNINITIALIZED_AUTOS = YES_AGGRESSIVE;
				GCC_WARN_UNUSED_FUNCTION = YES;
				GCC_WARN_UNUSED_VARIABLE = YES;
				IPHONEOS_DEPLOYMENT_TARGET = 12.1;
				MTL_ENABLE_DEBUG_INFO = INCLUDE_SOURCE;
				MTL_FAST_MATH = YES;
				ONLY_ACTIVE_ARCH = YES;
				SDKROOT = iphoneos;
				SWIFT_ACTIVE_COMPILATION_CONDITIONS = DEBUG;
				SWIFT_OPTIMIZATION_LEVEL = "-Onone";
			};
			name = Debug;
		};
		5300A47B2362F1660051087F /* Release */ = {
			isa = XCBuildConfiguration;
			buildSettings = {
				ALWAYS_SEARCH_USER_PATHS = NO;
				CLANG_ANALYZER_NONNULL = YES;
				CLANG_ANALYZER_NUMBER_OBJECT_CONVERSION = YES_AGGRESSIVE;
				CLANG_CXX_LANGUAGE_STANDARD = "gnu++14";
				CLANG_CXX_LIBRARY = "libc++";
				CLANG_ENABLE_MODULES = YES;
				CLANG_ENABLE_OBJC_ARC = YES;
				CLANG_ENABLE_OBJC_WEAK = YES;
				CLANG_WARN_BLOCK_CAPTURE_AUTORELEASING = YES;
				CLANG_WARN_BOOL_CONVERSION = YES;
				CLANG_WARN_COMMA = YES;
				CLANG_WARN_CONSTANT_CONVERSION = YES;
				CLANG_WARN_DEPRECATED_OBJC_IMPLEMENTATIONS = YES;
				CLANG_WARN_DIRECT_OBJC_ISA_USAGE = YES_ERROR;
				CLANG_WARN_DOCUMENTATION_COMMENTS = YES;
				CLANG_WARN_EMPTY_BODY = YES;
				CLANG_WARN_ENUM_CONVERSION = YES;
				CLANG_WARN_INFINITE_RECURSION = YES;
				CLANG_WARN_INT_CONVERSION = YES;
				CLANG_WARN_NON_LITERAL_NULL_CONVERSION = YES;
				CLANG_WARN_OBJC_IMPLICIT_RETAIN_SELF = YES;
				CLANG_WARN_OBJC_LITERAL_CONVERSION = YES;
				CLANG_WARN_OBJC_ROOT_CLASS = YES_ERROR;
				CLANG_WARN_RANGE_LOOP_ANALYSIS = YES;
				CLANG_WARN_STRICT_PROTOTYPES = YES;
				CLANG_WARN_SUSPICIOUS_MOVE = YES;
				CLANG_WARN_UNGUARDED_AVAILABILITY = YES_AGGRESSIVE;
				CLANG_WARN_UNREACHABLE_CODE = YES;
				CLANG_WARN__DUPLICATE_METHOD_MATCH = YES;
				CODE_SIGN_IDENTITY = "iPhone Developer";
				COPY_PHASE_STRIP = NO;
				DEBUG_INFORMATION_FORMAT = "dwarf-with-dsym";
				ENABLE_NS_ASSERTIONS = NO;
				ENABLE_STRICT_OBJC_MSGSEND = YES;
				GCC_C_LANGUAGE_STANDARD = gnu11;
				GCC_NO_COMMON_BLOCKS = YES;
				GCC_WARN_64_TO_32_BIT_CONVERSION = YES;
				GCC_WARN_ABOUT_RETURN_TYPE = YES_ERROR;
				GCC_WARN_UNDECLARED_SELECTOR = YES;
				GCC_WARN_UNINITIALIZED_AUTOS = YES_AGGRESSIVE;
				GCC_WARN_UNUSED_FUNCTION = YES;
				GCC_WARN_UNUSED_VARIABLE = YES;
				IPHONEOS_DEPLOYMENT_TARGET = 12.1;
				MTL_ENABLE_DEBUG_INFO = NO;
				MTL_FAST_MATH = YES;
				SDKROOT = iphoneos;
				SWIFT_COMPILATION_MODE = wholemodule;
				SWIFT_OPTIMIZATION_LEVEL = "-O";
				VALIDATE_PRODUCT = YES;
			};
			name = Release;
		};
		5300A47D2362F1660051087F /* Debug */ = {
			isa = XCBuildConfiguration;
			buildSettings = {
				ASSETCATALOG_COMPILER_APPICON_NAME = AppIcon;
				CODE_SIGN_STYLE = Automatic;
				INFOPLIST_FILE = ActionCell/Info.plist;
				IPHONEOS_DEPLOYMENT_TARGET = 9.3;
				LD_RUNPATH_SEARCH_PATHS = (
					"$(inherited)",
					"@executable_path/Frameworks",
				);
				PRODUCT_BUNDLE_IDENTIFIER = CuongDD.ActionCell;
				PRODUCT_NAME = "$(TARGET_NAME)";
				SWIFT_VERSION = 4.0;
				TARGETED_DEVICE_FAMILY = "1,2";
			};
			name = Debug;
		};
		5300A47E2362F1660051087F /* Release */ = {
			isa = XCBuildConfiguration;
			buildSettings = {
				ASSETCATALOG_COMPILER_APPICON_NAME = AppIcon;
				CODE_SIGN_STYLE = Automatic;
				INFOPLIST_FILE = ActionCell/Info.plist;
				IPHONEOS_DEPLOYMENT_TARGET = 9.3;
				LD_RUNPATH_SEARCH_PATHS = (
					"$(inherited)",
					"@executable_path/Frameworks",
				);
				PRODUCT_BUNDLE_IDENTIFIER = CuongDD.ActionCell;
				PRODUCT_NAME = "$(TARGET_NAME)";
				SWIFT_VERSION = 4.0;
				TARGETED_DEVICE_FAMILY = "1,2";
			};
			name = Release;
		};
/* End XCBuildConfiguration section */

/* Begin XCConfigurationList section */
		5300A4652362F1650051087F /* Build configuration list for PBXProject "ActionCell" */ = {
			isa = XCConfigurationList;
			buildConfigurations = (
				5300A47A2362F1660051087F /* Debug */,
				5300A47B2362F1660051087F /* Release */,
			);
			defaultConfigurationIsVisible = 0;
			defaultConfigurationName = Release;
		};
		5300A47C2362F1660051087F /* Build configuration list for PBXNativeTarget "ActionCell" */ = {
			isa = XCConfigurationList;
			buildConfigurations = (
				5300A47D2362F1660051087F /* Debug */,
				5300A47E2362F1660051087F /* Release */,
			);
			defaultConfigurationIsVisible = 0;
			defaultConfigurationName = Release;
		};
/* End XCConfigurationList section */
	};
	rootObject = 5300A4622362F1650051087F /* Project object */;
}
